
Microsoft Visual Studio Solution File, Format Version 12.00
# Visual Studio 15
VisualStudioVersion = 15.0.27703.2047
MinimumVisualStudioVersion = 10.0.40219.1
Project("{FAE04EC0-301F-11D3-BF4B-00C04F79EFBC}") = "DesenvolvimentoWeb.Vendas", "DesenvolvimentoWeb.Vendas\DesenvolvimentoWeb.Vendas.csproj", "{977A7E3C-BD18-4D2E-A715-4077D79B5395}"
EndProject
Global
	GlobalSection(SolutionConfigurationPlatforms) = preSolution
		Debug|Any CPU = Debug|Any CPU
		Release|Any CPU = Release|Any CPU
	EndGlobalSection
	GlobalSection(ProjectConfigurationPlatforms) = postSolution
		{977A7E3C-BD18-4D2E-A715-4077D79B5395}.Debug|Any CPU.ActiveCfg = Debug|Any CPU
		{977A7E3C-BD18-4D2E-A715-4077D79B5395}.Debug|Any CPU.Build.0 = Debug|Any CPU
		{977A7E3C-BD18-4D2E-A715-4077D79B5395}.Release|Any CPU.ActiveCfg = Release|Any CPU
		{977A7E3C-BD18-4D2E-A715-4077D79B5395}.Release|Any CPU.Build.0 = Release|Any CPU
	EndGlobalSection
	GlobalSection(SolutionProperties) = preSolution
		HideSolutionNode = FALSE
	EndGlobalSection
	GlobalSection(ExtensibilityGlobals) = postSolution
		SolutionGuid = {B2B43FB5-22FC-4C54-BA96-8A2525D8F60A}
	EndGlobalSection
EndGlobal
